# THIS IS AN AUTOGENERATED FILE. DO NOT EDIT THIS FILE DIRECTLY.
# yarn lockfile v1


"@playwright/test@^1.48.1":
  version "1.48.1"
  dependencies:
    playwright "1.48.1"

playwright-core@1.48.1:
  version "1.48.1"

playwright@^1.48.1, playwright@1.48.1:
  version "1.48.1"
  dependencies:
    playwright-core "1.48.1"
  optionalDependencies:
    fsevents "2.3.2"
